
Microsoft Visual Studio Solution File, Format Version 12.00
# Visual Studio Version 17
VisualStudioVersion = 17.11.35327.3
MinimumVisualStudioVersion = 10.0.40219.1
Project("{FAE04EC0-301F-11D3-BF4B-00C04F79EFBC}") = "лаба 6.4", "лаба 6.4\лаба 6.4.csproj", "{A74A1900-781C-4EF1-B6DE-1A718E09B449}"
EndProject
Global
	GlobalSection(SolutionConfigurationPlatforms) = preSolution
		Debug|Any CPU = Debug|Any CPU
		Release|Any CPU = Release|Any CPU
	EndGlobalSection
	GlobalSection(ProjectConfigurationPlatforms) = postSolution
		{A74A1900-781C-4EF1-B6DE-1A718E09B449}.Debug|Any CPU.ActiveCfg = Debug|Any CPU
		{A74A1900-781C-4EF1-B6DE-1A718E09B449}.Debug|Any CPU.Build.0 = Debug|Any CPU
		{A74A1900-781C-4EF1-B6DE-1A718E09B449}.Release|Any CPU.ActiveCfg = Release|Any CPU
		{A74A1900-781C-4EF1-B6DE-1A718E09B449}.Release|Any CPU.Build.0 = Release|Any CPU
	EndGlobalSection
	GlobalSection(SolutionProperties) = preSolution
		HideSolutionNode = FALSE
	EndGlobalSection
	GlobalSection(ExtensibilityGlobals) = postSolution
		SolutionGuid = {FFE4317F-AB30-4778-A471-701DB1C0392D}
	EndGlobalSection
EndGlobal
